
Microsoft Visual Studio Solution File, Format Version 12.00
# Visual Studio 15
VisualStudioVersion = 15.0.26430.13
MinimumVisualStudioVersion = 10.0.40219.1
Project("{FAE04EC0-301F-11D3-BF4B-00C04F79EFBC}") = "WTW.IoC", "WTW.IoC\WTW.IoC.csproj", "{7D50D5A3-AB5E-4A40-BCFE-FA19F3B9EB4B}"
EndProject
Project("{FAE04EC0-301F-11D3-BF4B-00C04F79EFBC}") = "WTW.Ioc.Test", "WTW.Ioc.Test\WTW.Ioc.Test.csproj", "{080C8EEA-0195-4370-87E2-9258651F95B8}"
EndProject
Project("{FAE04EC0-301F-11D3-BF4B-00C04F79EFBC}") = "WTW.Web.API", "WTW.Web.API\WTW.Web.API.csproj", "{631A8489-8E6F-4AF1-81C1-D540D20E0241}"
EndProject
Global
	GlobalSection(SolutionConfigurationPlatforms) = preSolution
		Debug|Any CPU = Debug|Any CPU
		Release|Any CPU = Release|Any CPU
	EndGlobalSection
	GlobalSection(ProjectConfigurationPlatforms) = postSolution
		{7D50D5A3-AB5E-4A40-BCFE-FA19F3B9EB4B}.Debug|Any CPU.ActiveCfg = Debug|Any CPU
		{7D50D5A3-AB5E-4A40-BCFE-FA19F3B9EB4B}.Debug|Any CPU.Build.0 = Debug|Any CPU
		{7D50D5A3-AB5E-4A40-BCFE-FA19F3B9EB4B}.Release|Any CPU.ActiveCfg = Release|Any CPU
		{7D50D5A3-AB5E-4A40-BCFE-FA19F3B9EB4B}.Release|Any CPU.Build.0 = Release|Any CPU
		{080C8EEA-0195-4370-87E2-9258651F95B8}.Debug|Any CPU.ActiveCfg = Debug|Any CPU
		{080C8EEA-0195-4370-87E2-9258651F95B8}.Debug|Any CPU.Build.0 = Debug|Any CPU
		{080C8EEA-0195-4370-87E2-9258651F95B8}.Release|Any CPU.ActiveCfg = Release|Any CPU
		{080C8EEA-0195-4370-87E2-9258651F95B8}.Release|Any CPU.Build.0 = Release|Any CPU
		{631A8489-8E6F-4AF1-81C1-D540D20E0241}.Debug|Any CPU.ActiveCfg = Debug|Any CPU
		{631A8489-8E6F-4AF1-81C1-D540D20E0241}.Debug|Any CPU.Build.0 = Debug|Any CPU
		{631A8489-8E6F-4AF1-81C1-D540D20E0241}.Release|Any CPU.ActiveCfg = Release|Any CPU
		{631A8489-8E6F-4AF1-81C1-D540D20E0241}.Release|Any CPU.Build.0 = Release|Any CPU
	EndGlobalSection
	GlobalSection(SolutionProperties) = preSolution
		HideSolutionNode = FALSE
	EndGlobalSection
EndGlobal
